
Microsoft Visual Studio Solution File, Format Version 12.00
# Visual Studio Version 17
VisualStudioVersion = 17.0.31903.59
MinimumVisualStudioVersion = 10.0.40219.1
Project("{FAE04EC0-301F-11D3-BF4B-00C04F79EFBC}") = "apphost", "apphost\apphost.csproj", "{7F765DB0-3CE4-4C8D-938A-E53A1FC257DA}"
EndProject
Project("{FAE04EC0-301F-11D3-BF4B-00C04F79EFBC}") = "service-defaults", "service-defaults\service-defaults.csproj", "{DE864DDA-176B-406B-A21C-3E17D6F82F82}"
EndProject
Project("{FAE04EC0-301F-11D3-BF4B-00C04F79EFBC}") = "Database.Deploy", "db-scripts\Database.Deploy.csproj", "{78DDD7AB-8CA6-00DB-E8E2-E35BC73678D2}"
EndProject
Global
	GlobalSection(SolutionConfigurationPlatforms) = preSolution
		Debug|Any CPU = Debug|Any CPU
		Debug|x64 = Debug|x64
		Debug|x86 = Debug|x86
		Release|Any CPU = Release|Any CPU
		Release|x64 = Release|x64
		Release|x86 = Release|x86
	EndGlobalSection
	GlobalSection(ProjectConfigurationPlatforms) = postSolution
		{7F765DB0-3CE4-4C8D-938A-E53A1FC257DA}.Debug|Any CPU.ActiveCfg = Debug|Any CPU
		{7F765DB0-3CE4-4C8D-938A-E53A1FC257DA}.Debug|Any CPU.Build.0 = Debug|Any CPU
		{7F765DB0-3CE4-4C8D-938A-E53A1FC257DA}.Debug|x64.ActiveCfg = Debug|Any CPU
		{7F765DB0-3CE4-4C8D-938A-E53A1FC257DA}.Debug|x64.Build.0 = Debug|Any CPU
		{7F765DB0-3CE4-4C8D-938A-E53A1FC257DA}.Debug|x86.ActiveCfg = Debug|Any CPU
		{7F765DB0-3CE4-4C8D-938A-E53A1FC257DA}.Debug|x86.Build.0 = Debug|Any CPU
		{7F765DB0-3CE4-4C8D-938A-E53A1FC257DA}.Release|Any CPU.ActiveCfg = Release|Any CPU
		{7F765DB0-3CE4-4C8D-938A-E53A1FC257DA}.Release|Any CPU.Build.0 = Release|Any CPU
		{7F765DB0-3CE4-4C8D-938A-E53A1FC257DA}.Release|x64.ActiveCfg = Release|Any CPU
		{7F765DB0-3CE4-4C8D-938A-E53A1FC257DA}.Release|x64.Build.0 = Release|Any CPU
		{7F765DB0-3CE4-4C8D-938A-E53A1FC257DA}.Release|x86.ActiveCfg = Release|Any CPU
		{7F765DB0-3CE4-4C8D-938A-E53A1FC257DA}.Release|x86.Build.0 = Release|Any CPU
		{DE864DDA-176B-406B-A21C-3E17D6F82F82}.Debug|Any CPU.ActiveCfg = Debug|Any CPU
		{DE864DDA-176B-406B-A21C-3E17D6F82F82}.Debug|Any CPU.Build.0 = Debug|Any CPU
		{DE864DDA-176B-406B-A21C-3E17D6F82F82}.Debug|x64.ActiveCfg = Debug|Any CPU
		{DE864DDA-176B-406B-A21C-3E17D6F82F82}.Debug|x64.Build.0 = Debug|Any CPU
		{DE864DDA-176B-406B-A21C-3E17D6F82F82}.Debug|x86.ActiveCfg = Debug|Any CPU
		{DE864DDA-176B-406B-A21C-3E17D6F82F82}.Debug|x86.Build.0 = Debug|Any CPU
		{DE864DDA-176B-406B-A21C-3E17D6F82F82}.Release|Any CPU.ActiveCfg = Release|Any CPU
		{DE864DDA-176B-406B-A21C-3E17D6F82F82}.Release|Any CPU.Build.0 = Release|Any CPU
		{DE864DDA-176B-406B-A21C-3E17D6F82F82}.Release|x64.ActiveCfg = Release|Any CPU
		{DE864DDA-176B-406B-A21C-3E17D6F82F82}.Release|x64.Build.0 = Release|Any CPU
		{DE864DDA-176B-406B-A21C-3E17D6F82F82}.Release|x86.ActiveCfg = Release|Any CPU
		{DE864DDA-176B-406B-A21C-3E17D6F82F82}.Release|x86.Build.0 = Release|Any CPU
		{78DDD7AB-8CA6-00DB-E8E2-E35BC73678D2}.Debug|Any CPU.ActiveCfg = Debug|Any CPU
		{78DDD7AB-8CA6-00DB-E8E2-E35BC73678D2}.Debug|Any CPU.Build.0 = Debug|Any CPU
		{78DDD7AB-8CA6-00DB-E8E2-E35BC73678D2}.Debug|x64.ActiveCfg = Debug|Any CPU
		{78DDD7AB-8CA6-00DB-E8E2-E35BC73678D2}.Debug|x64.Build.0 = Debug|Any CPU
		{78DDD7AB-8CA6-00DB-E8E2-E35BC73678D2}.Debug|x86.ActiveCfg = Debug|Any CPU
		{78DDD7AB-8CA6-00DB-E8E2-E35BC73678D2}.Debug|x86.Build.0 = Debug|Any CPU
		{78DDD7AB-8CA6-00DB-E8E2-E35BC73678D2}.Release|Any CPU.ActiveCfg = Release|Any CPU
		{78DDD7AB-8CA6-00DB-E8E2-E35BC73678D2}.Release|Any CPU.Build.0 = Release|Any CPU
		{78DDD7AB-8CA6-00DB-E8E2-E35BC73678D2}.Release|x64.ActiveCfg = Release|Any CPU
		{78DDD7AB-8CA6-00DB-E8E2-E35BC73678D2}.Release|x64.Build.0 = Release|Any CPU
		{78DDD7AB-8CA6-00DB-E8E2-E35BC73678D2}.Release|x86.ActiveCfg = Release|Any CPU
		{78DDD7AB-8CA6-00DB-E8E2-E35BC73678D2}.Release|x86.Build.0 = Release|Any CPU
	EndGlobalSection
	GlobalSection(SolutionProperties) = preSolution
		HideSolutionNode = FALSE
	EndGlobalSection
	GlobalSection(ExtensibilityGlobals) = postSolution
		SolutionGuid = {A6E9D749-4356-4699-956F-9DA89148C73C}
	EndGlobalSection
EndGlobal
